// !$*UTF8*$!
{
	archiveVersion = 1;
	classes = {
	};
	objectVersion = 55;
	objects = {

/* Begin PBXBuildFile section */
		CA098058286B42A200A2B55A /* AppDelegate.swift in Sources */ = {isa = PBXBuildFile; fileRef = CA098057286B42A200A2B55A /* AppDelegate.swift */; };
		CA09805A286B42A200A2B55A /* SceneDelegate.swift in Sources */ = {isa = PBXBuildFile; fileRef = CA098059286B42A200A2B55A /* SceneDelegate.swift */; };
		CA09805F286B42A200A2B55A /* Main.storyboard in Resources */ = {isa = PBXBuildFile; fileRef = CA09805D286B42A200A2B55A /* Main.storyboard */; };
		CA098062286B42A200A2B55A /* listPractice.xcdatamodeld in Sources */ = {isa = PBXBuildFile; fileRef = CA098060286B42A200A2B55A /* listPractice.xcdatamodeld */; };
		CA098064286B42A400A2B55A /* Assets.xcassets in Resources */ = {isa = PBXBuildFile; fileRef = CA098063286B42A400A2B55A /* Assets.xcassets */; };
		CA098067286B42A400A2B55A /* LaunchScreen.storyboard in Resources */ = {isa = PBXBuildFile; fileRef = CA098065286B42A400A2B55A /* LaunchScreen.storyboard */; };
		CA09806F286B485A00A2B55A /* TableViewController.swift in Sources */ = {isa = PBXBuildFile; fileRef = CA09806E286B485A00A2B55A /* TableViewController.swift */; };
		CA098071286B491C00A2B55A /* Todo.swift in Sources */ = {isa = PBXBuildFile; fileRef = CA098070286B491C00A2B55A /* Todo.swift */; };
/* End PBXBuildFile section */

/* Begin PBXFileReference section */
		CA098054286B42A200A2B55A /* listPractice.app */ = {isa = PBXFileReference; explicitFileType = wrapper.application; includeInIndex = 0; path = listPractice.app; sourceTree = BUILT_PRODUCTS_DIR; };
		CA098057286B42A200A2B55A /* AppDelegate.swift */ = {isa = PBXFileReference; lastKnownFileType = sourcecode.swift; path = AppDelegate.swift; sourceTree = "<group>"; };
		CA098059286B42A200A2B55A /* SceneDelegate.swift */ = {isa = PBXFileReference; lastKnownFileType = sourcecode.swift; path = SceneDelegate.swift; sourceTree = "<group>"; };
		CA09805E286B42A200A2B55A /* Base */ = {isa = PBXFileReference; lastKnownFileType = file.storyboard; name = Base; path = Base.lproj/Main.storyboard; sourceTree = "<group>"; };
		CA098061286B42A200A2B55A /* listPractice.xcdatamodel */ = {isa = PBXFileReference; lastKnownFileType = wrapper.xcdatamodel; path = listPractice.xcdatamodel; sourceTree = "<group>"; };
		CA098063286B42A400A2B55A /* Assets.xcassets */ = {isa = PBXFileReference; lastKnownFileType = folder.assetcatalog; path = Assets.xcassets; sourceTree = "<group>"; };
		CA098066286B42A400A2B55A /* Base */ = {isa = PBXFileReference; lastKnownFileType = file.storyboard; name = Base; path = Base.lproj/LaunchScreen.storyboard; sourceTree = "<group>"; };
		CA098068286B42A400A2B55A /* Info.plist */ = {isa = PBXFileReference; lastKnownFileType = text.plist.xml; path = Info.plist; sourceTree = "<group>"; };
		CA09806E286B485A00A2B55A /* TableViewController.swift */ = {isa = PBXFileReference; lastKnownFileType = sourcecode.swift; path = TableViewController.swift; sourceTree = "<group>"; };
		CA098070286B491C00A2B55A /* Todo.swift */ = {isa = PBXFileReference; lastKnownFileType = sourcecode.swift; path = Todo.swift; sourceTree = "<group>"; };
/* End PBXFileReference section */

/* Begin PBXFrameworksBuildPhase section */
		CA098051286B42A200A2B55A /* Frameworks */ = {
			isa = PBXFrameworksBuildPhase;
			buildActionMask = 2147483647;
			files = (
			);
			runOnlyForDeploymentPostprocessing = 0;
		};
/* End PBXFrameworksBuildPhase section */

/* Begin PBXGroup section */
		CA09804B286B42A200A2B55A = {
			isa = PBXGroup;
			children = (
				CA098056286B42A200A2B55A /* listPractice */,
				CA098055286B42A200A2B55A /* Products */,
			);
			sourceTree = "<group>";
		};
		CA098055286B42A200A2B55A /* Products */ = {
			isa = PBXGroup;
			children = (
				CA098054286B42A200A2B55A /* listPractice.app */,
			);
			name = Products;
			sourceTree = "<group>";
		};
		CA098056286B42A200A2B55A /* listPractice */ = {
			isa = PBXGroup;
			children = (
				CA098057286B42A200A2B55A /* AppDelegate.swift */,
				CA098059286B42A200A2B55A /* SceneDelegate.swift */,
				CA09805D286B42A200A2B55A /* Main.storyboard */,
				CA098070286B491C00A2B55A /* Todo.swift */,
				CA09806E286B485A00A2B55A /* TableViewController.swift */,
				CA098063286B42A400A2B55A /* Assets.xcassets */,
				CA098065286B42A400A2B55A /* LaunchScreen.storyboard */,
				CA098068286B42A400A2B55A /* Info.plist */,
				CA098060286B42A200A2B55A /* listPractice.xcdatamodeld */,
			);
			path = listPractice;
			sourceTree = "<group>";
		};
/* End PBXGroup section */

/* Begin PBXNativeTarget section */
		CA098053286B42A200A2B55A /* listPractice */ = {
			isa = PBXNativeTarget;
			buildConfigurationList = CA09806B286B42A400A2B55A /* Build configuration list for PBXNativeTarget "listPractice" */;
			buildPhases = (
				CA098050286B42A200A2B55A /* Sources */,
				CA098051286B42A200A2B55A /* Frameworks */,
				CA098052286B42A200A2B55A /* Resources */,
			);
			buildRules = (
			);
			dependencies = (
			);
			name = listPractice;
			productName = listPractice;
			productReference = CA098054286B42A200A2B55A /* listPractice.app */;
			productType = "com.apple.product-type.application";
		};
/* End PBXNativeTarget section */

/* Begin PBXProject section */
		CA09804C286B42A200A2B55A /* Project object */ = {
			isa = PBXProject;
			attributes = {
				BuildIndependentTargetsInParallel = 1;
				LastSwiftUpdateCheck = 1340;
				LastUpgradeCheck = 1340;
				TargetAttributes = {
					CA098053286B42A200A2B55A = {
						CreatedOnToolsVersion = 13.4.1;
					};
				};
			};
			buildConfigurationList = CA09804F286B42A200A2B55A /* Build configuration list for PBXProject "listPractice" */;
			compatibilityVersion = "Xcode 13.0";
			developmentRegion = en;
			hasScannedForEncodings = 0;
			knownRegions = (
				en,
				Base,
			);
			mainGroup = CA09804B286B42A200A2B55A;
			productRefGroup = CA098055286B42A200A2B55A /* Products */;
			projectDirPath = "";
			projectRoot = "";
			targets = (
				CA098053286B42A200A2B55A /* listPractice */,
			);
		};
/* End PBXProject section */

/* Begin PBXResourcesBuildPhase section */
		CA098052286B42A200A2B55A /* Resources */ = {
			isa = PBXResourcesBuildPhase;
			buildActionMask = 2147483647;
			files = (
				CA098067286B42A400A2B55A /* LaunchScreen.storyboard in Resources */,
				CA098064286B42A400A2B55A /* Assets.xcassets in Resources */,
				CA09805F286B42A200A2B55A /* Main.storyboard in Resources */,
			);
			runOnlyForDeploymentPostprocessing = 0;
		};
/* End PBXResourcesBuildPhase section */

/* Begin PBXSourcesBuildPhase section */
		CA098050286B42A200A2B55A /* Sources */ = {
			isa = PBXSourcesBuildPhase;
			buildActionMask = 2147483647;
			files = (
				CA098062286B42A200A2B55A /* listPractice.xcdatamodeld in Sources */,
				CA098058286B42A200A2B55A /* AppDelegate.swift in Sources */,
				CA09805A286B42A200A2B55A /* SceneDelegate.swift in Sources */,
				CA09806F286B485A00A2B55A /* TableViewController.swift in Sources */,
				CA098071286B491C00A2B55A /* Todo.swift in Sources */,
			);
			runOnlyForDeploymentPostprocessing = 0;
		};
/* End PBXSourcesBuildPhase section */

/* Begin PBXVariantGroup section */
		CA09805D286B42A200A2B55A /* Main.storyboard */ = {
			isa = PBXVariantGroup;
			children = (
				CA09805E286B42A200A2B55A /* Base */,
			);
			name = Main.storyboard;
			sourceTree = "<group>";
		};
		CA098065286B42A400A2B55A /* LaunchScreen.storyboard */ = {
			isa = PBXVariantGroup;
			children = (
				CA098066286B42A400A2B55A /* Base */,
			);
			name = LaunchScreen.storyboard;
			sourceTree = "<group>";
		};
/* End PBXVariantGroup section */

/* Begin XCBuildConfiguration section */
		CA098069286B42A400A2B55A /* Debug */ = {
			isa = XCBuildConfiguration;
			buildSettings = {
				ALWAYS_SEARCH_USER_PATHS = NO;
				CLANG_ANALYZER_NONNULL = YES;
				CLANG_ANALYZER_NUMBER_OBJECT_CONVERSION = YES_AGGRESSIVE;
				CLANG_CXX_LANGUAGE_STANDARD = "gnu++17";
				CLANG_ENABLE_MODULES = YES;
				CLANG_ENABLE_OBJC_ARC = YES;
				CLANG_ENABLE_OBJC_WEAK = YES;
				CLANG_WARN_BLOCK_CAPTURE_AUTORELEASING = YES;
				CLANG_WARN_BOOL_CONVERSION = YES;
				CLANG_WARN_COMMA = YES;
				CLANG_WARN_CONSTANT_CONVERSION = YES;
				CLANG_WARN_DEPRECATED_OBJC_IMPLEMENTATIONS = YES;
				CLANG_WARN_DIRECT_OBJC_ISA_USAGE = YES_ERROR;
				CLANG_WARN_DOCUMENTATION_COMMENTS = YES;
				CLANG_WARN_EMPTY_BODY = YES;
				CLANG_WARN_ENUM_CONVERSION = YES;
				CLANG_WARN_INFINITE_RECURSION = YES;
				CLANG_WARN_INT_CONVERSION = YES;
				CLANG_WARN_NON_LITERAL_NULL_CONVERSION = YES;
				CLANG_WARN_OBJC_IMPLICIT_RETAIN_SELF = YES;
				CLANG_WARN_OBJC_LITERAL_CONVERSION = YES;
				CLANG_WARN_OBJC_ROOT_CLASS = YES_ERROR;
				CLANG_WARN_QUOTED_INCLUDE_IN_FRAMEWORK_HEADER = YES;
				CLANG_WARN_RANGE_LOOP_ANALYSIS = YES;
				CLANG_WARN_STRICT_PROTOTYPES = YES;
				CLANG_WARN_SUSPICIOUS_MOVE = YES;
				CLANG_WARN_UNGUARDED_AVAILABILITY = YES_AGGRESSIVE;
				CLANG_WARN_UNREACHABLE_CODE = YES;
				CLANG_WARN__DUPLICATE_METHOD_MATCH = YES;
				COPY_PHASE_STRIP = NO;
				DEBUG_INFORMATION_FORMAT = dwarf;
				ENABLE_STRICT_OBJC_MSGSEND = YES;
				ENABLE_TESTABILITY = YES;
				GCC_C_LANGUAGE_STANDARD = gnu11;
				GCC_DYNAMIC_NO_PIC = NO;
				GCC_NO_COMMON_BLOCKS = YES;
				GCC_OPTIMIZATION_LEVEL = 0;
				GCC_PREPROCESSOR_DEFINITIONS = (
					"DEBUG=1",
					"$(inherited)",
				);
				GCC_WARN_64_TO_32_BIT_CONVERSION = YES;
				GCC_WARN_ABOUT_RETURN_TYPE = YES_ERROR;
				GCC_WARN_UNDECLARED_SELECTOR = YES;
				GCC_WARN_UNINITIALIZED_AUTOS = YES_AGGRESSIVE;
				GCC_WARN_UNUSED_FUNCTION = YES;
				GCC_WARN_UNUSED_VARIABLE = YES;
				IPHONEOS_DEPLOYMENT_TARGET = 15.5;
				MTL_ENABLE_DEBUG_INFO = INCLUDE_SOURCE;
				MTL_FAST_MATH = YES;
				ONLY_ACTIVE_ARCH = YES;
				SDKROOT = iphoneos;
				SWIFT_ACTIVE_COMPILATION_CONDITIONS = DEBUG;
				SWIFT_OPTIMIZATION_LEVEL = "-Onone";
			};
			name = Debug;
		};
		CA09806A286B42A400A2B55A /* Release */ = {
			isa = XCBuildConfiguration;
			buildSettings = {
				ALWAYS_SEARCH_USER_PATHS = NO;
				CLANG_ANALYZER_NONNULL = YES;
				CLANG_ANALYZER_NUMBER_OBJECT_CONVERSION = YES_AGGRESSIVE;
				CLANG_CXX_LANGUAGE_STANDARD = "gnu++17";
				CLANG_ENABLE_MODULES = YES;
				CLANG_ENABLE_OBJC_ARC = YES;
				CLANG_ENABLE_OBJC_WEAK = YES;
				CLANG_WARN_BLOCK_CAPTURE_AUTORELEASING = YES;
				CLANG_WARN_BOOL_CONVERSION = YES;
				CLANG_WARN_COMMA = YES;
				CLANG_WARN_CONSTANT_CONVERSION = YES;
				CLANG_WARN_DEPRECATED_OBJC_IMPLEMENTATIONS = YES;
				CLANG_WARN_DIRECT_OBJC_ISA_USAGE = YES_ERROR;
				CLANG_WARN_DOCUMENTATION_COMMENTS = YES;
				CLANG_WARN_EMPTY_BODY = YES;
				CLANG_WARN_ENUM_CONVERSION = YES;
				CLANG_WARN_INFINITE_RECURSION = YES;
				CLANG_WARN_INT_CONVERSION = YES;
				CLANG_WARN_NON_LITERAL_NULL_CONVERSION = YES;
				CLANG_WARN_OBJC_IMPLICIT_RETAIN_SELF = YES;
				CLANG_WARN_OBJC_LITERAL_CONVERSION = YES;
				CLANG_WARN_OBJC_ROOT_CLASS = YES_ERROR;
				CLANG_WARN_QUOTED_INCLUDE_IN_FRAMEWORK_HEADER = YES;
				CLANG_WARN_RANGE_LOOP_ANALYSIS = YES;
				CLANG_WARN_STRICT_PROTOTYPES = YES;
				CLANG_WARN_SUSPICIOUS_MOVE = YES;
				CLANG_WARN_UNGUARDED_AVAILABILITY = YES_AGGRESSIVE;
				CLANG_WARN_UNREACHABLE_CODE = YES;
				CLANG_WARN__DUPLICATE_METHOD_MATCH = YES;
				COPY_PHASE_STRIP = NO;
				DEBUG_INFORMATION_FORMAT = "dwarf-with-dsym";
				ENABLE_NS_ASSERTIONS = NO;
				ENABLE_STRICT_OBJC_MSGSEND = YES;
				GCC_C_LANGUAGE_STANDARD = gnu11;
				GCC_NO_COMMON_BLOCKS = YES;
				GCC_WARN_64_TO_32_BIT_CONVERSION = YES;
				GCC_WARN_ABOUT_RETURN_TYPE = YES_ERROR;
				GCC_WARN_UNDECLARED_SELECTOR = YES;
				GCC_WARN_UNINITIALIZED_AUTOS = YES_AGGRESSIVE;
				GCC_WARN_UNUSED_FUNCTION = YES;
				GCC_WARN_UNUSED_VARIABLE = YES;
				IPHONEOS_DEPLOYMENT_TARGET = 15.5;
				MTL_ENABLE_DEBUG_INFO = NO;
				MTL_FAST_MATH = YES;
				SDKROOT = iphoneos;
				SWIFT_COMPILATION_MODE = wholemodule;
				SWIFT_OPTIMIZATION_LEVEL = "-O";
				VALIDATE_PRODUCT = YES;
			};
			name = Release;
		};
		CA09806C286B42A400A2B55A /* Debug */ = {
			isa = XCBuildConfiguration;
			buildSettings = {
				ASSETCATALOG_COMPILER_APPICON_NAME = AppIcon;
				ASSETCATALOG_COMPILER_GLOBAL_ACCENT_COLOR_NAME = AccentColor;
				CODE_SIGN_STYLE = Automatic;
				CURRENT_PROJECT_VERSION = 1;
				GENERATE_INFOPLIST_FILE = YES;
				INFOPLIST_FILE = listPractice/Info.plist;
				INFOPLIST_KEY_UIApplicationSupportsIndirectInputEvents = YES;
				INFOPLIST_KEY_UILaunchStoryboardName = LaunchScreen;
				INFOPLIST_KEY_UIMainStoryboardFile = Main;
				INFOPLIST_KEY_UISupportedInterfaceOrientations_iPad = "UIInterfaceOrientationPortrait UIInterfaceOrientationPortraitUpsideDown UIInterfaceOrientationLandscapeLeft UIInterfaceOrientationLandscapeRight";
				INFOPLIST_KEY_UISupportedInterfaceOrientations_iPhone = "UIInterfaceOrientationPortrait UIInterfaceOrientationLandscapeLeft UIInterfaceOrientationLandscapeRight";
				LD_RUNPATH_SEARCH_PATHS = (
					"$(inherited)",
					"@executable_path/Frameworks",
				);
				MARKETING_VERSION = 1.0;
				PRODUCT_BUNDLE_IDENTIFIER = "TeamD-KWK.listPractice";
				PRODUCT_NAME = "$(TARGET_NAME)";
				SWIFT_EMIT_LOC_STRINGS = YES;
				SWIFT_VERSION = 5.0;
				TARGETED_DEVICE_FAMILY = "1,2";
			};
			name = Debug;
		};
		CA09806D286B42A400A2B55A /* Release */ = {
			isa = XCBuildConfiguration;
			buildSettings = {
				ASSETCATALOG_COMPILER_APPICON_NAME = AppIcon;
				ASSETCATALOG_COMPILER_GLOBAL_ACCENT_COLOR_NAME = AccentColor;
				CODE_SIGN_STYLE = Automatic;
				CURRENT_PROJECT_VERSION = 1;
				GENERATE_INFOPLIST_FILE = YES;
				INFOPLIST_FILE = listPractice/Info.plist;
				INFOPLIST_KEY_UIApplicationSupportsIndirectInputEvents = YES;
				INFOPLIST_KEY_UILaunchStoryboardName = LaunchScreen;
				INFOPLIST_KEY_UIMainStoryboardFile = Main;
				INFOPLIST_KEY_UISupportedInterfaceOrientations_iPad = "UIInterfaceOrientationPortrait UIInterfaceOrientationPortraitUpsideDown UIInterfaceOrientationLandscapeLeft UIInterfaceOrientationLandscapeRight";
				INFOPLIST_KEY_UISupportedInterfaceOrientations_iPhone = "UIInterfaceOrientationPortrait UIInterfaceOrientationLandscapeLeft UIInterfaceOrientationLandscapeRight";
				LD_RUNPATH_SEARCH_PATHS = (
					"$(inherited)",
					"@executable_path/Frameworks",
				);
				MARKETING_VERSION = 1.0;
				PRODUCT_BUNDLE_IDENTIFIER = "TeamD-KWK.listPractice";
				PRODUCT_NAME = "$(TARGET_NAME)";
				SWIFT_EMIT_LOC_STRINGS = YES;
				SWIFT_VERSION = 5.0;
				TARGETED_DEVICE_FAMILY = "1,2";
			};
			name = Release;
		};
/* End XCBuildConfiguration section */

/* Begin XCConfigurationList section */
		CA09804F286B42A200A2B55A /* Build configuration list for PBXProject "listPractice" */ = {
			isa = XCConfigurationList;
			buildConfigurations = (
				CA098069286B42A400A2B55A /* Debug */,
				CA09806A286B42A400A2B55A /* Release */,
			);
			defaultConfigurationIsVisible = 0;
			defaultConfigurationName = Release;
		};
		CA09806B286B42A400A2B55A /* Build configuration list for PBXNativeTarget "listPractice" */ = {
			isa = XCConfigurationList;
			buildConfigurations = (
				CA09806C286B42A400A2B55A /* Debug */,
				CA09806D286B42A400A2B55A /* Release */,
			);
			defaultConfigurationIsVisible = 0;
			defaultConfigurationName = Release;
		};
/* End XCConfigurationList section */

/* Begin XCVersionGroup section */
		CA098060286B42A200A2B55A /* listPractice.xcdatamodeld */ = {
			isa = XCVersionGroup;
			children = (
				CA098061286B42A200A2B55A /* listPractice.xcdatamodel */,
			);
			currentVersion = CA098061286B42A200A2B55A /* listPractice.xcdatamodel */;
			path = listPractice.xcdatamodeld;
			sourceTree = "<group>";
			versionGroupType = wrapper.xcdatamodel;
		};
/* End XCVersionGroup section */
	};
	rootObject = CA09804C286B42A200A2B55A /* Project object */;
}
